<?xml version="1.0" encoding="utf-8"?>
<Project ToolsVersion="4.0" xmlns="http://schemas.microsoft.com/developer/msbuild/2003">
  <ItemGroup>
    <Filter Include="Source Files">
      <UniqueIdentifier>{4FC737F1-C7A5-4376-A066-2A32D752A2FF}</UniqueIdentifier>
      <Extensions>cpp;c;cc;cxx;def;odl;idl;hpj;bat;asm;asmx</Extensions>
    </Filter>
    <Filter Include="Header Files">
      <UniqueIdentifier>{93995380-89BD-4b04-88EB-625FBE52EBFB}</UniqueIdentifier>
      <Extensions>h;hh;hpp;hxx;hm;inl;inc;xsd</Extensions>
    </Filter>
    <Filter Include="Resource Files">
      <UniqueIdentifier>{67DA6AB6-F800-4c08-8B7A-83BB121AAD01}</UniqueIdentifier>
      <Extensions>rc;ico;cur;bmp;dlg;rc2;rct;bin;rgs;gif;jpg;jpeg;jpe;resx;tiff;tif;png;wav;mfcribbon-ms</Extensions>
    </Filter>
    <Filter Include="generated">
      <UniqueIdentifier>{ef397b7b-1192-4d44-93ed-fadaec7622e8}</UniqueIdentifier>
    </Filter>
  </ItemGroup>
  <ItemGroup>
    <ClCompile Include="main.cpp">
      <Filter>Source Files</Filter>
    </ClCompile>
    <ClCompile Include="..\..\generated\Python3BaseListener.cpp">
      <Filter>generated</Filter>
    </ClCompile>
    <ClCompile Include="..\..\generated\Python3BaseVisitor.cpp">
      <Filter>generated</Filter>
    </ClCompile>
    <ClCompile Include="..\..\generated\Python3Lexer.cpp">
      <Filter>generated</Filter>
    </ClCompile>
    <ClCompile Include="..\..\generated\Python3Listener.cpp">
      <Filter>generated</Filter>
    </ClCompile>
    <ClCompile Include="..\..\generated\Python3Parser.cpp">
      <Filter>generated</Filter>
    </ClCompile>
    <ClCompile Include="..\..\generated\Python3Visitor.cpp">
      <Filter>generated</Filter>
    </ClCompile>
  </ItemGroup>
  <ItemGroup>
    <ClInclude Include="..\..\generated\Python3Visitor.h">
      <Filter>generated</Filter>
    </ClInclude>
    <ClInclude Include="..\..\generated\Python3BaseListener.h">
      <Filter>generated</Filter>
    </ClInclude>
    <ClInclude Include="..\..\generated\Python3BaseVisitor.h">
      <Filter>generated</Filter>
    </ClInclude>
    <ClInclude Include="..\..\generated\Python3Lexer.h">
      <Filter>generated</Filter>
    </ClInclude>
    <ClInclude Include="..\..\generated\Python3Listener.h">
      <Filter>generated</Filter>
    </ClInclude>
    <ClInclude Include="..\..\generated\Python3Parser.h">
      <Filter>generated</Filter>
    </ClInclude>
  </ItemGroup>
  <ItemGroup>
    <None Include="..\..\generated\Python3.interp">
      <Filter>generated</Filter>
    </None>
    <None Include="..\..\generated\Python3.tokens">
      <Filter>generated</Filter>
    </None>
    <None Include="..\..\generated\Python3Lexer.interp">
      <Filter>generated</Filter>
    </None>
    <None Include="..\..\generated\Python3Lexer.tokens">
      <Filter>generated</Filter>
    </None>
    <None Include="..\..\Python3.g4">
      <Filter>generated</Filter>
    </None>
  </ItemGroup>
</Project>